// !$*UTF8*$!
{
	archiveVersion = 1;
	classes = {
	};
	objectVersion = 46;
	objects = {

/* Begin PBXBuildFile section */
		B84A6F891E7932A2002B7BA1 /* main.m in Sources */ = {isa = PBXBuildFile; fileRef = B84A6F881E7932A2002B7BA1 /* main.m */; };
		B84A6F8C1E7932A2002B7BA1 /* AppDelegate.m in Sources */ = {isa = PBXBuildFile; fileRef = B84A6F8B1E7932A2002B7BA1 /* AppDelegate.m */; };
		B84A6F8F1E7932A2002B7BA1 /* ViewController.m in Sources */ = {isa = PBXBuildFile; fileRef = B84A6F8E1E7932A2002B7BA1 /* ViewController.m */; };
		B84A6F921E7932A2002B7BA1 /* Main.storyboard in Resources */ = {isa = PBXBuildFile; fileRef = B84A6F901E7932A2002B7BA1 /* Main.storyboard */; };
		B84A6F941E7932A2002B7BA1 /* Assets.xcassets in Resources */ = {isa = PBXBuildFile; fileRef = B84A6F931E7932A2002B7BA1 /* Assets.xcassets */; };
		B84A6F971E7932A2002B7BA1 /* LaunchScreen.storyboard in Resources */ = {isa = PBXBuildFile; fileRef = B84A6F951E7932A2002B7BA1 /* LaunchScreen.storyboard */; };
		B84A6FA31E793306002B7BA1 /* YYNTableViewIndexItemView.m in Sources */ = {isa = PBXBuildFile; fileRef = B84A6FA01E793306002B7BA1 /* YYNTableViewIndexItemView.m */; };
		B84A6FA41E793306002B7BA1 /* YYNTableViewIndexView.m in Sources */ = {isa = PBXBuildFile; fileRef = B84A6FA21E793306002B7BA1 /* YYNTableViewIndexView.m */; };
/* End PBXBuildFile section */

/* Begin PBXFileReference section */
		B84A6F841E7932A2002B7BA1 /* YYNCustomTableViewIndex.app */ = {isa = PBXFileReference; explicitFileType = wrapper.application; includeInIndex = 0; path = YYNCustomTableViewIndex.app; sourceTree = BUILT_PRODUCTS_DIR; };
		B84A6F881E7932A2002B7BA1 /* main.m */ = {isa = PBXFileReference; lastKnownFileType = sourcecode.c.objc; path = main.m; sourceTree = "<group>"; };
		B84A6F8A1E7932A2002B7BA1 /* AppDelegate.h */ = {isa = PBXFileReference; lastKnownFileType = sourcecode.c.h; path = AppDelegate.h; sourceTree = "<group>"; };
		B84A6F8B1E7932A2002B7BA1 /* AppDelegate.m */ = {isa = PBXFileReference; lastKnownFileType = sourcecode.c.objc; path = AppDelegate.m; sourceTree = "<group>"; };
		B84A6F8D1E7932A2002B7BA1 /* ViewController.h */ = {isa = PBXFileReference; lastKnownFileType = sourcecode.c.h; path = ViewController.h; sourceTree = "<group>"; };
		B84A6F8E1E7932A2002B7BA1 /* ViewController.m */ = {isa = PBXFileReference; lastKnownFileType = sourcecode.c.objc; path = ViewController.m; sourceTree = "<group>"; };
		B84A6F911E7932A2002B7BA1 /* Base */ = {isa = PBXFileReference; lastKnownFileType = file.storyboard; name = Base; path = Base.lproj/Main.storyboard; sourceTree = "<group>"; };
		B84A6F931E7932A2002B7BA1 /* Assets.xcassets */ = {isa = PBXFileReference; lastKnownFileType = folder.assetcatalog; path = Assets.xcassets; sourceTree = "<group>"; };
		B84A6F961E7932A2002B7BA1 /* Base */ = {isa = PBXFileReference; lastKnownFileType = file.storyboard; name = Base; path = Base.lproj/LaunchScreen.storyboard; sourceTree = "<group>"; };
		B84A6F981E7932A2002B7BA1 /* Info.plist */ = {isa = PBXFileReference; lastKnownFileType = text.plist.xml; path = Info.plist; sourceTree = "<group>"; };
		B84A6F9F1E793306002B7BA1 /* YYNTableViewIndexItemView.h */ = {isa = PBXFileReference; fileEncoding = 4; lastKnownFileType = sourcecode.c.h; path = YYNTableViewIndexItemView.h; sourceTree = "<group>"; };
		B84A6FA01E793306002B7BA1 /* YYNTableViewIndexItemView.m */ = {isa = PBXFileReference; fileEncoding = 4; lastKnownFileType = sourcecode.c.objc; path = YYNTableViewIndexItemView.m; sourceTree = "<group>"; };
		B84A6FA11E793306002B7BA1 /* YYNTableViewIndexView.h */ = {isa = PBXFileReference; fileEncoding = 4; lastKnownFileType = sourcecode.c.h; path = YYNTableViewIndexView.h; sourceTree = "<group>"; };
		B84A6FA21E793306002B7BA1 /* YYNTableViewIndexView.m */ = {isa = PBXFileReference; fileEncoding = 4; lastKnownFileType = sourcecode.c.objc; path = YYNTableViewIndexView.m; sourceTree = "<group>"; };
/* End PBXFileReference section */

/* Begin PBXFrameworksBuildPhase section */
		B84A6F811E7932A2002B7BA1 /* Frameworks */ = {
			isa = PBXFrameworksBuildPhase;
			buildActionMask = 2147483647;
			files = (
			);
			runOnlyForDeploymentPostprocessing = 0;
		};
/* End PBXFrameworksBuildPhase section */

/* Begin PBXGroup section */
		B84A6F7B1E7932A2002B7BA1 = {
			isa = PBXGroup;
			children = (
				B84A6F861E7932A2002B7BA1 /* YYNCustomTableViewIndex */,
				B84A6F851E7932A2002B7BA1 /* Products */,
			);
			sourceTree = "<group>";
		};
		B84A6F851E7932A2002B7BA1 /* Products */ = {
			isa = PBXGroup;
			children = (
				B84A6F841E7932A2002B7BA1 /* YYNCustomTableViewIndex.app */,
			);
			name = Products;
			sourceTree = "<group>";
		};
		B84A6F861E7932A2002B7BA1 /* YYNCustomTableViewIndex */ = {
			isa = PBXGroup;
			children = (
				B84A6F9E1E793306002B7BA1 /* CustomTableViewIndex */,
				B84A6F8A1E7932A2002B7BA1 /* AppDelegate.h */,
				B84A6F8B1E7932A2002B7BA1 /* AppDelegate.m */,
				B84A6F8D1E7932A2002B7BA1 /* ViewController.h */,
				B84A6F8E1E7932A2002B7BA1 /* ViewController.m */,
				B84A6F901E7932A2002B7BA1 /* Main.storyboard */,
				B84A6F931E7932A2002B7BA1 /* Assets.xcassets */,
				B84A6F951E7932A2002B7BA1 /* LaunchScreen.storyboard */,
				B84A6F981E7932A2002B7BA1 /* Info.plist */,
				B84A6F871E7932A2002B7BA1 /* Supporting Files */,
			);
			path = YYNCustomTableViewIndex;
			sourceTree = "<group>";
		};
		B84A6F871E7932A2002B7BA1 /* Supporting Files */ = {
			isa = PBXGroup;
			children = (
				B84A6F881E7932A2002B7BA1 /* main.m */,
			);
			name = "Supporting Files";
			sourceTree = "<group>";
		};
		B84A6F9E1E793306002B7BA1 /* CustomTableViewIndex */ = {
			isa = PBXGroup;
			children = (
				B84A6F9F1E793306002B7BA1 /* YYNTableViewIndexItemView.h */,
				B84A6FA01E793306002B7BA1 /* YYNTableViewIndexItemView.m */,
				B84A6FA11E793306002B7BA1 /* YYNTableViewIndexView.h */,
				B84A6FA21E793306002B7BA1 /* YYNTableViewIndexView.m */,
			);
			path = CustomTableViewIndex;
			sourceTree = "<group>";
		};
/* End PBXGroup section */

/* Begin PBXNativeTarget section */
		B84A6F831E7932A2002B7BA1 /* YYNCustomTableViewIndex */ = {
			isa = PBXNativeTarget;
			buildConfigurationList = B84A6F9B1E7932A2002B7BA1 /* Build configuration list for PBXNativeTarget "YYNCustomTableViewIndex" */;
			buildPhases = (
				B84A6F801E7932A2002B7BA1 /* Sources */,
				B84A6F811E7932A2002B7BA1 /* Frameworks */,
				B84A6F821E7932A2002B7BA1 /* Resources */,
			);
			buildRules = (
			);
			dependencies = (
			);
			name = YYNCustomTableViewIndex;
			productName = YYNCustomTableViewIndex;
			productReference = B84A6F841E7932A2002B7BA1 /* YYNCustomTableViewIndex.app */;
			productType = "com.apple.product-type.application";
		};
/* End PBXNativeTarget section */

/* Begin PBXProject section */
		B84A6F7C1E7932A2002B7BA1 /* Project object */ = {
			isa = PBXProject;
			attributes = {
				LastUpgradeCheck = 0730;
				ORGANIZATIONNAME = "杨亚楠";
				TargetAttributes = {
					B84A6F831E7932A2002B7BA1 = {
						CreatedOnToolsVersion = 7.3.1;
					};
				};
			};
			buildConfigurationList = B84A6F7F1E7932A2002B7BA1 /* Build configuration list for PBXProject "YYNCustomTableViewIndex" */;
			compatibilityVersion = "Xcode 3.2";
			developmentRegion = English;
			hasScannedForEncodings = 0;
			knownRegions = (
				en,
				Base,
			);
			mainGroup = B84A6F7B1E7932A2002B7BA1;
			productRefGroup = B84A6F851E7932A2002B7BA1 /* Products */;
			projectDirPath = "";
			projectRoot = "";
			targets = (
				B84A6F831E7932A2002B7BA1 /* YYNCustomTableViewIndex */,
			);
		};
/* End PBXProject section */

/* Begin PBXResourcesBuildPhase section */
		B84A6F821E7932A2002B7BA1 /* Resources */ = {
			isa = PBXResourcesBuildPhase;
			buildActionMask = 2147483647;
			files = (
				B84A6F971E7932A2002B7BA1 /* LaunchScreen.storyboard in Resources */,
				B84A6F941E7932A2002B7BA1 /* Assets.xcassets in Resources */,
				B84A6F921E7932A2002B7BA1 /* Main.storyboard in Resources */,
			);
			runOnlyForDeploymentPostprocessing = 0;
		};
/* End PBXResourcesBuildPhase section */

/* Begin PBXSourcesBuildPhase section */
		B84A6F801E7932A2002B7BA1 /* Sources */ = {
			isa = PBXSourcesBuildPhase;
			buildActionMask = 2147483647;
			files = (
				B84A6FA41E793306002B7BA1 /* YYNTableViewIndexView.m in Sources */,
				B84A6F8F1E7932A2002B7BA1 /* ViewController.m in Sources */,
				B84A6F8C1E7932A2002B7BA1 /* AppDelegate.m in Sources */,
				B84A6F891E7932A2002B7BA1 /* main.m in Sources */,
				B84A6FA31E793306002B7BA1 /* YYNTableViewIndexItemView.m in Sources */,
			);
			runOnlyForDeploymentPostprocessing = 0;
		};
/* End PBXSourcesBuildPhase section */

/* Begin PBXVariantGroup section */
		B84A6F901E7932A2002B7BA1 /* Main.storyboard */ = {
			isa = PBXVariantGroup;
			children = (
				B84A6F911E7932A2002B7BA1 /* Base */,
			);
			name = Main.storyboard;
			sourceTree = "<group>";
		};
		B84A6F951E7932A2002B7BA1 /* LaunchScreen.storyboard */ = {
			isa = PBXVariantGroup;
			children = (
				B84A6F961E7932A2002B7BA1 /* Base */,
			);
			name = LaunchScreen.storyboard;
			sourceTree = "<group>";
		};
/* End PBXVariantGroup section */

/* Begin XCBuildConfiguration section */
		B84A6F991E7932A2002B7BA1 /* Debug */ = {
			isa = XCBuildConfiguration;
			buildSettings = {
				ALWAYS_SEARCH_USER_PATHS = NO;
				CLANG_ANALYZER_NONNULL = YES;
				CLANG_CXX_LANGUAGE_STANDARD = "gnu++0x";
				CLANG_CXX_LIBRARY = "libc++";
				CLANG_ENABLE_MODULES = YES;
				CLANG_ENABLE_OBJC_ARC = YES;
				CLANG_WARN_BOOL_CONVERSION = YES;
				CLANG_WARN_CONSTANT_CONVERSION = YES;
				CLANG_WARN_DIRECT_OBJC_ISA_USAGE = YES_ERROR;
				CLANG_WARN_EMPTY_BODY = YES;
				CLANG_WARN_ENUM_CONVERSION = YES;
				CLANG_WARN_INT_CONVERSION = YES;
				CLANG_WARN_OBJC_ROOT_CLASS = YES_ERROR;
				CLANG_WARN_UNREACHABLE_CODE = YES;
				CLANG_WARN__DUPLICATE_METHOD_MATCH = YES;
				"CODE_SIGN_IDENTITY[sdk=iphoneos*]" = "iPhone Developer";
				COPY_PHASE_STRIP = NO;
				DEBUG_INFORMATION_FORMAT = dwarf;
				ENABLE_STRICT_OBJC_MSGSEND = YES;
				ENABLE_TESTABILITY = YES;
				GCC_C_LANGUAGE_STANDARD = gnu99;
				GCC_DYNAMIC_NO_PIC = NO;
				GCC_NO_COMMON_BLOCKS = YES;
				GCC_OPTIMIZATION_LEVEL = 0;
				GCC_PREPROCESSOR_DEFINITIONS = (
					"DEBUG=1",
					"$(inherited)",
				);
				GCC_WARN_64_TO_32_BIT_CONVERSION = YES;
				GCC_WARN_ABOUT_RETURN_TYPE = YES_ERROR;
				GCC_WARN_UNDECLARED_SELECTOR = YES;
				GCC_WARN_UNINITIALIZED_AUTOS = YES_AGGRESSIVE;
				GCC_WARN_UNUSED_FUNCTION = YES;
				GCC_WARN_UNUSED_VARIABLE = YES;
				IPHONEOS_DEPLOYMENT_TARGET = 9.3;
				MTL_ENABLE_DEBUG_INFO = YES;
				ONLY_ACTIVE_ARCH = YES;
				SDKROOT = iphoneos;
			};
			name = Debug;
		};
		B84A6F9A1E7932A2002B7BA1 /* Release */ = {
			isa = XCBuildConfiguration;
			buildSettings = {
				ALWAYS_SEARCH_USER_PATHS = NO;
				CLANG_ANALYZER_NONNULL = YES;
				CLANG_CXX_LANGUAGE_STANDARD = "gnu++0x";
				CLANG_CXX_LIBRARY = "libc++";
				CLANG_ENABLE_MODULES = YES;
				CLANG_ENABLE_OBJC_ARC = YES;
				CLANG_WARN_BOOL_CONVERSION = YES;
				CLANG_WARN_CONSTANT_CONVERSION = YES;
				CLANG_WARN_DIRECT_OBJC_ISA_USAGE = YES_ERROR;
				CLANG_WARN_EMPTY_BODY = YES;
				CLANG_WARN_ENUM_CONVERSION = YES;
				CLANG_WARN_INT_CONVERSION = YES;
				CLANG_WARN_OBJC_ROOT_CLASS = YES_ERROR;
				CLANG_WARN_UNREACHABLE_CODE = YES;
				CLANG_WARN__DUPLICATE_METHOD_MATCH = YES;
				"CODE_SIGN_IDENTITY[sdk=iphoneos*]" = "iPhone Developer";
				COPY_PHASE_STRIP = NO;
				DEBUG_INFORMATION_FORMAT = "dwarf-with-dsym";
				ENABLE_NS_ASSERTIONS = NO;
				ENABLE_STRICT_OBJC_MSGSEND = YES;
				GCC_C_LANGUAGE_STANDARD = gnu99;
				GCC_NO_COMMON_BLOCKS = YES;
				GCC_WARN_64_TO_32_BIT_CONVERSION = YES;
				GCC_WARN_ABOUT_RETURN_TYPE = YES_ERROR;
				GCC_WARN_UNDECLARED_SELECTOR = YES;
				GCC_WARN_UNINITIALIZED_AUTOS = YES_AGGRESSIVE;
				GCC_WARN_UNUSED_FUNCTION = YES;
				GCC_WARN_UNUSED_VARIABLE = YES;
				IPHONEOS_DEPLOYMENT_TARGET = 9.3;
				MTL_ENABLE_DEBUG_INFO = NO;
				SDKROOT = iphoneos;
				VALIDATE_PRODUCT = YES;
			};
			name = Release;
		};
		B84A6F9C1E7932A2002B7BA1 /* Debug */ = {
			isa = XCBuildConfiguration;
			buildSettings = {
				ASSETCATALOG_COMPILER_APPICON_NAME = AppIcon;
				INFOPLIST_FILE = YYNCustomTableViewIndex/Info.plist;
				LD_RUNPATH_SEARCH_PATHS = "$(inherited) @executable_path/Frameworks";
				PRODUCT_BUNDLE_IDENTIFIER = com.yyn.YYNCustomTableViewIndex;
				PRODUCT_NAME = "$(TARGET_NAME)";
			};
			name = Debug;
		};
		B84A6F9D1E7932A2002B7BA1 /* Release */ = {
			isa = XCBuildConfiguration;
			buildSettings = {
				ASSETCATALOG_COMPILER_APPICON_NAME = AppIcon;
				INFOPLIST_FILE = YYNCustomTableViewIndex/Info.plist;
				LD_RUNPATH_SEARCH_PATHS = "$(inherited) @executable_path/Frameworks";
				PRODUCT_BUNDLE_IDENTIFIER = com.yyn.YYNCustomTableViewIndex;
				PRODUCT_NAME = "$(TARGET_NAME)";
			};
			name = Release;
		};
/* End XCBuildConfiguration section */

/* Begin XCConfigurationList section */
		B84A6F7F1E7932A2002B7BA1 /* Build configuration list for PBXProject "YYNCustomTableViewIndex" */ = {
			isa = XCConfigurationList;
			buildConfigurations = (
				B84A6F991E7932A2002B7BA1 /* Debug */,
				B84A6F9A1E7932A2002B7BA1 /* Release */,
			);
			defaultConfigurationIsVisible = 0;
			defaultConfigurationName = Release;
		};
		B84A6F9B1E7932A2002B7BA1 /* Build configuration list for PBXNativeTarget "YYNCustomTableViewIndex" */ = {
			isa = XCConfigurationList;
			buildConfigurations = (
				B84A6F9C1E7932A2002B7BA1 /* Debug */,
				B84A6F9D1E7932A2002B7BA1 /* Release */,
			);
			defaultConfigurationIsVisible = 0;
		};
/* End XCConfigurationList section */
	};
	rootObject = B84A6F7C1E7932A2002B7BA1 /* Project object */;
}
